// !$*UTF8*$!
{
	archiveVersion = 1;
	classes = {
	};
	objectVersion = 46;
	objects = {

/* Begin PBXBuildFile section */
		56C912F4D554DAE4F3EF10F1 /* Pods_jasebuhasocial.framework in Frameworks */ = {isa = PBXBuildFile; fileRef = 260D219F99D00A85B00D1FAE /* Pods_jasebuhasocial.framework */; };
		581F54711E64F486006B1330 /* AppDelegate.swift in Sources */ = {isa = PBXBuildFile; fileRef = 581F54701E64F486006B1330 /* AppDelegate.swift */; };
		581F54731E64F486006B1330 /* SignInVC.swift in Sources */ = {isa = PBXBuildFile; fileRef = 581F54721E64F486006B1330 /* SignInVC.swift */; };
		581F54761E64F486006B1330 /* Main.storyboard in Resources */ = {isa = PBXBuildFile; fileRef = 581F54741E64F486006B1330 /* Main.storyboard */; };
		581F54781E64F486006B1330 /* Assets.xcassets in Resources */ = {isa = PBXBuildFile; fileRef = 581F54771E64F486006B1330 /* Assets.xcassets */; };
		581F547B1E64F486006B1330 /* LaunchScreen.storyboard in Resources */ = {isa = PBXBuildFile; fileRef = 581F54791E64F486006B1330 /* LaunchScreen.storyboard */; };
		581F54831E64F545006B1330 /* GoogleService-Info.plist in Resources */ = {isa = PBXBuildFile; fileRef = 581F54821E64F545006B1330 /* GoogleService-Info.plist */; };
		58CD390E1E65C614007468BE /* Constants.swift in Sources */ = {isa = PBXBuildFile; fileRef = 58CD390D1E65C614007468BE /* Constants.swift */; };
		58CD39101E65C8C4007468BE /* RoundButton.swift in Sources */ = {isa = PBXBuildFile; fileRef = 58CD390F1E65C8C4007468BE /* RoundButton.swift */; };
		58CD39121E65CA24007468BE /* FancyField.swift in Sources */ = {isa = PBXBuildFile; fileRef = 58CD39111E65CA24007468BE /* FancyField.swift */; };
		58CD39141E65CB46007468BE /* FancyButton.swift in Sources */ = {isa = PBXBuildFile; fileRef = 58CD39131E65CB46007468BE /* FancyButton.swift */; };
		58CD39181E65CCF9007468BE /* FancyHeading.swift in Sources */ = {isa = PBXBuildFile; fileRef = 58CD39171E65CCF9007468BE /* FancyHeading.swift */; };
/* End PBXBuildFile section */

/* Begin PBXFileReference section */
		0A554F21913C9EC58771D2DC /* Pods-jasebuhasocial.release.xcconfig */ = {isa = PBXFileReference; includeInIndex = 1; lastKnownFileType = text.xcconfig; name = "Pods-jasebuhasocial.release.xcconfig"; path = "Pods/Target Support Files/Pods-jasebuhasocial/Pods-jasebuhasocial.release.xcconfig"; sourceTree = "<group>"; };
		13DC761E8B7A75E474C051AF /* Pods-jasebuhasocial.debug.xcconfig */ = {isa = PBXFileReference; includeInIndex = 1; lastKnownFileType = text.xcconfig; name = "Pods-jasebuhasocial.debug.xcconfig"; path = "Pods/Target Support Files/Pods-jasebuhasocial/Pods-jasebuhasocial.debug.xcconfig"; sourceTree = "<group>"; };
		260D219F99D00A85B00D1FAE /* Pods_jasebuhasocial.framework */ = {isa = PBXFileReference; explicitFileType = wrapper.framework; includeInIndex = 0; path = Pods_jasebuhasocial.framework; sourceTree = BUILT_PRODUCTS_DIR; };
		581F546D1E64F486006B1330 /* jasebuhasocial.app */ = {isa = PBXFileReference; explicitFileType = wrapper.application; includeInIndex = 0; path = jasebuhasocial.app; sourceTree = BUILT_PRODUCTS_DIR; };
		581F54701E64F486006B1330 /* AppDelegate.swift */ = {isa = PBXFileReference; lastKnownFileType = sourcecode.swift; path = AppDelegate.swift; sourceTree = "<group>"; };
		581F54721E64F486006B1330 /* SignInVC.swift */ = {isa = PBXFileReference; lastKnownFileType = sourcecode.swift; path = SignInVC.swift; sourceTree = "<group>"; };
		581F54751E64F486006B1330 /* Base */ = {isa = PBXFileReference; lastKnownFileType = file.storyboard; name = Base; path = Base.lproj/Main.storyboard; sourceTree = "<group>"; };
		581F54771E64F486006B1330 /* Assets.xcassets */ = {isa = PBXFileReference; lastKnownFileType = folder.assetcatalog; path = Assets.xcassets; sourceTree = "<group>"; };
		581F547A1E64F486006B1330 /* Base */ = {isa = PBXFileReference; lastKnownFileType = file.storyboard; name = Base; path = Base.lproj/LaunchScreen.storyboard; sourceTree = "<group>"; };
		581F547C1E64F486006B1330 /* Info.plist */ = {isa = PBXFileReference; lastKnownFileType = text.plist.xml; path = Info.plist; sourceTree = "<group>"; };
		581F54821E64F545006B1330 /* GoogleService-Info.plist */ = {isa = PBXFileReference; fileEncoding = 4; lastKnownFileType = text.plist.xml; path = "GoogleService-Info.plist"; sourceTree = "<group>"; };
		58CD390D1E65C614007468BE /* Constants.swift */ = {isa = PBXFileReference; fileEncoding = 4; lastKnownFileType = sourcecode.swift; path = Constants.swift; sourceTree = "<group>"; };
		58CD390F1E65C8C4007468BE /* RoundButton.swift */ = {isa = PBXFileReference; fileEncoding = 4; lastKnownFileType = sourcecode.swift; path = RoundButton.swift; sourceTree = "<group>"; };
		58CD39111E65CA24007468BE /* FancyField.swift */ = {isa = PBXFileReference; fileEncoding = 4; lastKnownFileType = sourcecode.swift; path = FancyField.swift; sourceTree = "<group>"; };
		58CD39131E65CB46007468BE /* FancyButton.swift */ = {isa = PBXFileReference; fileEncoding = 4; lastKnownFileType = sourcecode.swift; path = FancyButton.swift; sourceTree = "<group>"; };
		58CD39171E65CCF9007468BE /* FancyHeading.swift */ = {isa = PBXFileReference; fileEncoding = 4; lastKnownFileType = sourcecode.swift; path = FancyHeading.swift; sourceTree = "<group>"; };
/* End PBXFileReference section */

/* Begin PBXFrameworksBuildPhase section */
		581F546A1E64F486006B1330 /* Frameworks */ = {
			isa = PBXFrameworksBuildPhase;
			buildActionMask = 2147483647;
			files = (
				56C912F4D554DAE4F3EF10F1 /* Pods_jasebuhasocial.framework in Frameworks */,
			);
			runOnlyForDeploymentPostprocessing = 0;
		};
/* End PBXFrameworksBuildPhase section */

/* Begin PBXGroup section */
		3028ADC2D39D5C5D938D936D /* Frameworks */ = {
			isa = PBXGroup;
			children = (
				260D219F99D00A85B00D1FAE /* Pods_jasebuhasocial.framework */,
			);
			name = Frameworks;
			sourceTree = "<group>";
		};
		581F54641E64F486006B1330 = {
			isa = PBXGroup;
			children = (
				581F546F1E64F486006B1330 /* jasebuhasocial */,
				581F546E1E64F486006B1330 /* Products */,
				F9A8D9E1DFE23465B9E6912C /* Pods */,
				3028ADC2D39D5C5D938D936D /* Frameworks */,
			);
			sourceTree = "<group>";
		};
		581F546E1E64F486006B1330 /* Products */ = {
			isa = PBXGroup;
			children = (
				581F546D1E64F486006B1330 /* jasebuhasocial.app */,
			);
			name = Products;
			sourceTree = "<group>";
		};
		581F546F1E64F486006B1330 /* jasebuhasocial */ = {
			isa = PBXGroup;
			children = (
				58CD390C1E65C601007468BE /* Util */,
				581F54841E650F46006B1330 /* Model */,
				581F54861E650F51006B1330 /* Controller */,
				581F54851E650F4B006B1330 /* View */,
				581F54701E64F486006B1330 /* AppDelegate.swift */,
				581F54771E64F486006B1330 /* Assets.xcassets */,
				581F54741E64F486006B1330 /* Main.storyboard */,
				581F54791E64F486006B1330 /* LaunchScreen.storyboard */,
				581F54821E64F545006B1330 /* GoogleService-Info.plist */,
				581F547C1E64F486006B1330 /* Info.plist */,
			);
			path = jasebuhasocial;
			sourceTree = "<group>";
		};
		581F54841E650F46006B1330 /* Model */ = {
			isa = PBXGroup;
			children = (
			);
			name = Model;
			sourceTree = "<group>";
		};
		581F54851E650F4B006B1330 /* View */ = {
			isa = PBXGroup;
			children = (
				58CD390F1E65C8C4007468BE /* RoundButton.swift */,
				58CD39111E65CA24007468BE /* FancyField.swift */,
				58CD39131E65CB46007468BE /* FancyButton.swift */,
				58CD39171E65CCF9007468BE /* FancyHeading.swift */,
			);
			name = View;
			sourceTree = "<group>";
		};
		581F54861E650F51006B1330 /* Controller */ = {
			isa = PBXGroup;
			children = (
				581F54721E64F486006B1330 /* SignInVC.swift */,
			);
			name = Controller;
			sourceTree = "<group>";
		};
		58CD390C1E65C601007468BE /* Util */ = {
			isa = PBXGroup;
			children = (
				58CD390D1E65C614007468BE /* Constants.swift */,
			);
			name = Util;
			sourceTree = "<group>";
		};
		F9A8D9E1DFE23465B9E6912C /* Pods */ = {
			isa = PBXGroup;
			children = (
				13DC761E8B7A75E474C051AF /* Pods-jasebuhasocial.debug.xcconfig */,
				0A554F21913C9EC58771D2DC /* Pods-jasebuhasocial.release.xcconfig */,
			);
			name = Pods;
			sourceTree = "<group>";
		};
/* End PBXGroup section */

/* Begin PBXNativeTarget section */
		581F546C1E64F486006B1330 /* jasebuhasocial */ = {
			isa = PBXNativeTarget;
			buildConfigurationList = 581F547F1E64F486006B1330 /* Build configuration list for PBXNativeTarget "jasebuhasocial" */;
			buildPhases = (
				EA3C46B32BECD975F1C1CF7D /* [CP] Check Pods Manifest.lock */,
				581F54691E64F486006B1330 /* Sources */,
				581F546A1E64F486006B1330 /* Frameworks */,
				581F546B1E64F486006B1330 /* Resources */,
				2B8796551BDC959D00D303A8 /* [CP] Embed Pods Frameworks */,
				D125A867356E9428CF30A5E5 /* [CP] Copy Pods Resources */,
			);
			buildRules = (
			);
			dependencies = (
			);
			name = jasebuhasocial;
			productName = jasebuhasocial;
			productReference = 581F546D1E64F486006B1330 /* jasebuhasocial.app */;
			productType = "com.apple.product-type.application";
		};
/* End PBXNativeTarget section */

/* Begin PBXProject section */
		581F54651E64F486006B1330 /* Project object */ = {
			isa = PBXProject;
			attributes = {
				LastSwiftUpdateCheck = 0830;
				LastUpgradeCheck = 0830;
				ORGANIZATIONNAME = "Jason Buhagiar";
				TargetAttributes = {
					581F546C1E64F486006B1330 = {
						CreatedOnToolsVersion = 8.3;
						DevelopmentTeam = 6GPW6978Q5;
						ProvisioningStyle = Automatic;
					};
				};
			};
			buildConfigurationList = 581F54681E64F486006B1330 /* Build configuration list for PBXProject "jasebuhasocial" */;
			compatibilityVersion = "Xcode 3.2";
			developmentRegion = English;
			hasScannedForEncodings = 0;
			knownRegions = (
				en,
				Base,
			);
			mainGroup = 581F54641E64F486006B1330;
			productRefGroup = 581F546E1E64F486006B1330 /* Products */;
			projectDirPath = "";
			projectRoot = "";
			targets = (
				581F546C1E64F486006B1330 /* jasebuhasocial */,
			);
		};
/* End PBXProject section */

/* Begin PBXResourcesBuildPhase section */
		581F546B1E64F486006B1330 /* Resources */ = {
			isa = PBXResourcesBuildPhase;
			buildActionMask = 2147483647;
			files = (
				581F547B1E64F486006B1330 /* LaunchScreen.storyboard in Resources */,
				581F54831E64F545006B1330 /* GoogleService-Info.plist in Resources */,
				581F54781E64F486006B1330 /* Assets.xcassets in Resources */,
				581F54761E64F486006B1330 /* Main.storyboard in Resources */,
			);
			runOnlyForDeploymentPostprocessing = 0;
		};
/* End PBXResourcesBuildPhase section */

/* Begin PBXShellScriptBuildPhase section */
		2B8796551BDC959D00D303A8 /* [CP] Embed Pods Frameworks */ = {
			isa = PBXShellScriptBuildPhase;
			buildActionMask = 2147483647;
			files = (
			);
			inputPaths = (
			);
			name = "[CP] Embed Pods Frameworks";
			outputPaths = (
			);
			runOnlyForDeploymentPostprocessing = 0;
			shellPath = /bin/sh;
			shellScript = "\"${SRCROOT}/Pods/Target Support Files/Pods-jasebuhasocial/Pods-jasebuhasocial-frameworks.sh\"\n";
			showEnvVarsInLog = 0;
		};
		D125A867356E9428CF30A5E5 /* [CP] Copy Pods Resources */ = {
			isa = PBXShellScriptBuildPhase;
			buildActionMask = 2147483647;
			files = (
			);
			inputPaths = (
			);
			name = "[CP] Copy Pods Resources";
			outputPaths = (
			);
			runOnlyForDeploymentPostprocessing = 0;
			shellPath = /bin/sh;
			shellScript = "\"${SRCROOT}/Pods/Target Support Files/Pods-jasebuhasocial/Pods-jasebuhasocial-resources.sh\"\n";
			showEnvVarsInLog = 0;
		};
		EA3C46B32BECD975F1C1CF7D /* [CP] Check Pods Manifest.lock */ = {
			isa = PBXShellScriptBuildPhase;
			buildActionMask = 2147483647;
			files = (
			);
			inputPaths = (
			);
			name = "[CP] Check Pods Manifest.lock";
			outputPaths = (
			);
			runOnlyForDeploymentPostprocessing = 0;
			shellPath = /bin/sh;
			shellScript = "diff \"${PODS_ROOT}/../Podfile.lock\" \"${PODS_ROOT}/Manifest.lock\" > /dev/null\nif [ $? != 0 ] ; then\n    # print error to STDERR\n    echo \"error: The sandbox is not in sync with the Podfile.lock. Run 'pod install' or update your CocoaPods installation.\" >&2\n    exit 1\nfi\n";
			showEnvVarsInLog = 0;
		};
/* End PBXShellScriptBuildPhase section */

/* Begin PBXSourcesBuildPhase section */
		581F54691E64F486006B1330 /* Sources */ = {
			isa = PBXSourcesBuildPhase;
			buildActionMask = 2147483647;
			files = (
				58CD39121E65CA24007468BE /* FancyField.swift in Sources */,
				581F54731E64F486006B1330 /* SignInVC.swift in Sources */,
				58CD39101E65C8C4007468BE /* RoundButton.swift in Sources */,
				58CD39141E65CB46007468BE /* FancyButton.swift in Sources */,
				581F54711E64F486006B1330 /* AppDelegate.swift in Sources */,
				58CD39181E65CCF9007468BE /* FancyHeading.swift in Sources */,
				58CD390E1E65C614007468BE /* Constants.swift in Sources */,
			);
			runOnlyForDeploymentPostprocessing = 0;
		};
/* End PBXSourcesBuildPhase section */

/* Begin PBXVariantGroup section */
		581F54741E64F486006B1330 /* Main.storyboard */ = {
			isa = PBXVariantGroup;
			children = (
				581F54751E64F486006B1330 /* Base */,
			);
			name = Main.storyboard;
			sourceTree = "<group>";
		};
		581F54791E64F486006B1330 /* LaunchScreen.storyboard */ = {
			isa = PBXVariantGroup;
			children = (
				581F547A1E64F486006B1330 /* Base */,
			);
			name = LaunchScreen.storyboard;
			sourceTree = "<group>";
		};
/* End PBXVariantGroup section */

/* Begin XCBuildConfiguration section */
		581F547D1E64F486006B1330 /* Debug */ = {
			isa = XCBuildConfiguration;
			buildSettings = {
				ALWAYS_SEARCH_USER_PATHS = NO;
				CLANG_ANALYZER_NONNULL = YES;
				CLANG_ANALYZER_NUMBER_OBJECT_CONVERSION = YES_AGGRESSIVE;
				CLANG_CXX_LANGUAGE_STANDARD = "gnu++0x";
				CLANG_CXX_LIBRARY = "libc++";
				CLANG_ENABLE_MODULES = YES;
				CLANG_ENABLE_OBJC_ARC = YES;
				CLANG_WARN_BOOL_CONVERSION = YES;
				CLANG_WARN_CONSTANT_CONVERSION = YES;
				CLANG_WARN_DIRECT_OBJC_ISA_USAGE = YES_ERROR;
				CLANG_WARN_DOCUMENTATION_COMMENTS = YES;
				CLANG_WARN_EMPTY_BODY = YES;
				CLANG_WARN_ENUM_CONVERSION = YES;
				CLANG_WARN_INFINITE_RECURSION = YES;
				CLANG_WARN_INT_CONVERSION = YES;
				CLANG_WARN_OBJC_ROOT_CLASS = YES_ERROR;
				CLANG_WARN_SUSPICIOUS_MOVE = YES;
				CLANG_WARN_UNREACHABLE_CODE = YES;
				CLANG_WARN__DUPLICATE_METHOD_MATCH = YES;
				"CODE_SIGN_IDENTITY[sdk=iphoneos*]" = "iPhone Developer";
				COPY_PHASE_STRIP = NO;
				DEBUG_INFORMATION_FORMAT = dwarf;
				ENABLE_STRICT_OBJC_MSGSEND = YES;
				ENABLE_TESTABILITY = YES;
				GCC_C_LANGUAGE_STANDARD = gnu99;
				GCC_DYNAMIC_NO_PIC = NO;
				GCC_NO_COMMON_BLOCKS = YES;
				GCC_OPTIMIZATION_LEVEL = 0;
				GCC_PREPROCESSOR_DEFINITIONS = (
					"DEBUG=1",
					"$(inherited)",
				);
				GCC_WARN_64_TO_32_BIT_CONVERSION = YES;
				GCC_WARN_ABOUT_RETURN_TYPE = YES_ERROR;
				GCC_WARN_UNDECLARED_SELECTOR = YES;
				GCC_WARN_UNINITIALIZED_AUTOS = YES_AGGRESSIVE;
				GCC_WARN_UNUSED_FUNCTION = YES;
				GCC_WARN_UNUSED_VARIABLE = YES;
				IPHONEOS_DEPLOYMENT_TARGET = 10.3;
				MTL_ENABLE_DEBUG_INFO = YES;
				ONLY_ACTIVE_ARCH = YES;
				SDKROOT = iphoneos;
				SWIFT_ACTIVE_COMPILATION_CONDITIONS = DEBUG;
				SWIFT_OPTIMIZATION_LEVEL = "-Onone";
				TARGETED_DEVICE_FAMILY = "1,2";
			};
			name = Debug;
		};
		581F547E1E64F486006B1330 /* Release */ = {
			isa = XCBuildConfiguration;
			buildSettings = {
				ALWAYS_SEARCH_USER_PATHS = NO;
				CLANG_ANALYZER_NONNULL = YES;
				CLANG_ANALYZER_NUMBER_OBJECT_CONVERSION = YES_AGGRESSIVE;
				CLANG_CXX_LANGUAGE_STANDARD = "gnu++0x";
				CLANG_CXX_LIBRARY = "libc++";
				CLANG_ENABLE_MODULES = YES;
				CLANG_ENABLE_OBJC_ARC = YES;
				CLANG_WARN_BOOL_CONVERSION = YES;
				CLANG_WARN_CONSTANT_CONVERSION = YES;
				CLANG_WARN_DIRECT_OBJC_ISA_USAGE = YES_ERROR;
				CLANG_WARN_DOCUMENTATION_COMMENTS = YES;
				CLANG_WARN_EMPTY_BODY = YES;
				CLANG_WARN_ENUM_CONVERSION = YES;
				CLANG_WARN_INFINITE_RECURSION = YES;
				CLANG_WARN_INT_CONVERSION = YES;
				CLANG_WARN_OBJC_ROOT_CLASS = YES_ERROR;
				CLANG_WARN_SUSPICIOUS_MOVE = YES;
				CLANG_WARN_UNREACHABLE_CODE = YES;
				CLANG_WARN__DUPLICATE_METHOD_MATCH = YES;
				"CODE_SIGN_IDENTITY[sdk=iphoneos*]" = "iPhone Developer";
				COPY_PHASE_STRIP = NO;
				DEBUG_INFORMATION_FORMAT = "dwarf-with-dsym";
				ENABLE_NS_ASSERTIONS = NO;
				ENABLE_STRICT_OBJC_MSGSEND = YES;
				GCC_C_LANGUAGE_STANDARD = gnu99;
				GCC_NO_COMMON_BLOCKS = YES;
				GCC_WARN_64_TO_32_BIT_CONVERSION = YES;
				GCC_WARN_ABOUT_RETURN_TYPE = YES_ERROR;
				GCC_WARN_UNDECLARED_SELECTOR = YES;
				GCC_WARN_UNINITIALIZED_AUTOS = YES_AGGRESSIVE;
				GCC_WARN_UNUSED_FUNCTION = YES;
				GCC_WARN_UNUSED_VARIABLE = YES;
				IPHONEOS_DEPLOYMENT_TARGET = 10.3;
				MTL_ENABLE_DEBUG_INFO = NO;
				SDKROOT = iphoneos;
				SWIFT_OPTIMIZATION_LEVEL = "-Owholemodule";
				TARGETED_DEVICE_FAMILY = "1,2";
				VALIDATE_PRODUCT = YES;
			};
			name = Release;
		};
		581F54801E64F486006B1330 /* Debug */ = {
			isa = XCBuildConfiguration;
			baseConfigurationReference = 13DC761E8B7A75E474C051AF /* Pods-jasebuhasocial.debug.xcconfig */;
			buildSettings = {
				ASSETCATALOG_COMPILER_APPICON_NAME = AppIcon;
				DEVELOPMENT_TEAM = 6GPW6978Q5;
				INFOPLIST_FILE = jasebuhasocial/Info.plist;
				LD_RUNPATH_SEARCH_PATHS = "$(inherited) @executable_path/Frameworks";
				PRODUCT_BUNDLE_IDENTIFIER = com.jasebuha.jasebuhasocial;
				PRODUCT_NAME = "$(TARGET_NAME)";
				SWIFT_VERSION = 3.0;
			};
			name = Debug;
		};
		581F54811E64F486006B1330 /* Release */ = {
			isa = XCBuildConfiguration;
			baseConfigurationReference = 0A554F21913C9EC58771D2DC /* Pods-jasebuhasocial.release.xcconfig */;
			buildSettings = {
				ASSETCATALOG_COMPILER_APPICON_NAME = AppIcon;
				DEVELOPMENT_TEAM = 6GPW6978Q5;
				INFOPLIST_FILE = jasebuhasocial/Info.plist;
				LD_RUNPATH_SEARCH_PATHS = "$(inherited) @executable_path/Frameworks";
				PRODUCT_BUNDLE_IDENTIFIER = com.jasebuha.jasebuhasocial;
				PRODUCT_NAME = "$(TARGET_NAME)";
				SWIFT_VERSION = 3.0;
			};
			name = Release;
		};
/* End XCBuildConfiguration section */

/* Begin XCConfigurationList section */
		581F54681E64F486006B1330 /* Build configuration list for PBXProject "jasebuhasocial" */ = {
			isa = XCConfigurationList;
			buildConfigurations = (
				581F547D1E64F486006B1330 /* Debug */,
				581F547E1E64F486006B1330 /* Release */,
			);
			defaultConfigurationIsVisible = 0;
			defaultConfigurationName = Release;
		};
		581F547F1E64F486006B1330 /* Build configuration list for PBXNativeTarget "jasebuhasocial" */ = {
			isa = XCConfigurationList;
			buildConfigurations = (
				581F54801E64F486006B1330 /* Debug */,
				581F54811E64F486006B1330 /* Release */,
			);
			defaultConfigurationIsVisible = 0;
			defaultConfigurationName = Release;
		};
/* End XCConfigurationList section */
	};
	rootObject = 581F54651E64F486006B1330 /* Project object */;
}
